<?xml version="1.0" encoding="utf-8"?>
<Project ToolsVersion="4.0" xmlns="http://schemas.microsoft.com/developer/msbuild/2003">
  <ItemGroup>
    <Filter Include="XML">
      <UniqueIdentifier>{4FC737F1-C7A5-4376-A066-2A32D752A2FF}</UniqueIdentifier>
      <Extensions>cpp;c;cc;cxx;c++;cppm;ixx;def;odl;idl;hpj;bat;asm;asmx</Extensions>
    </Filter>
    <Filter Include="UI">
      <UniqueIdentifier>{93995380-89BD-4b04-88EB-625FBE52EBFB}</UniqueIdentifier>
      <Extensions>h;hh;hpp;hxx;h++;hm;inl;inc;ipp;xsd</Extensions>
    </Filter>
    <Filter Include="other">
      <UniqueIdentifier>{49c781c9-fb10-4e55-b73a-1568863f5181}</UniqueIdentifier>
    </Filter>
    <Filter Include="UI\Utility">
      <UniqueIdentifier>{25b464bf-0a61-4fbd-9b5d-0f5822d26650}</UniqueIdentifier>
    </Filter>
  </ItemGroup>
  <ItemGroup>
    <ClCompile Include="XML\Continent.cpp">
      <Filter>XML</Filter>
    </ClCompile>
    <ClCompile Include="XML\Objective.cpp">
      <Filter>XML</Filter>
    </ClCompile>
    <ClCompile Include="XML\Position.cpp">
      <Filter>XML</Filter>
    </ClCompile>
    <ClCompile Include="XML\Reinforcement.cpp">
      <Filter>XML</Filter>
    </ClCompile>
    <ClCompile Include="XML\Territory.cpp">
      <Filter>XML</Filter>
    </ClCompile>
    <ClCompile Include="XML\Transform.cpp">
      <Filter>XML</Filter>
    </ClCompile>
    <ClCompile Include="UI\UI.cpp">
      <Filter>UI</Filter>
    </ClCompile>
    <ClCompile Include="UI\Maps.cpp">
      <Filter>UI</Filter>
    </ClCompile>
    <ClCompile Include="main.cpp">
      <Filter>other</Filter>
    </ClCompile>
    <ClCompile Include="UI\UIPage.cpp">
      <Filter>UI</Filter>
    </ClCompile>
    <ClCompile Include="UI\TerritoryPage.cpp">
      <Filter>UI</Filter>
    </ClCompile>
    <ClCompile Include="UI\ContinentPage.cpp">
      <Filter>UI</Filter>
    </ClCompile>
    <ClCompile Include="UI\Button.cpp">
      <Filter>UI\Utility</Filter>
    </ClCompile>
    <ClCompile Include="UI\TextBox.cpp">
      <Filter>UI\Utility</Filter>
    </ClCompile>
    <ClCompile Include="UI\TransformPage.cpp">
      <Filter>UI</Filter>
    </ClCompile>
    <ClCompile Include="UI\PositionPage.cpp">
      <Filter>UI</Filter>
    </ClCompile>
    <ClCompile Include="UI\ObjectivePage.cpp">
      <Filter>UI</Filter>
    </ClCompile>
    <ClCompile Include="UI\ReinforcementPage.cpp">
      <Filter>UI</Filter>
    </ClCompile>
    <ClCompile Include="UI\ScrollBar.cpp">
      <Filter>UI\Utility</Filter>
    </ClCompile>
    <ClCompile Include="UserInput.cpp">
      <Filter>other</Filter>
    </ClCompile>
    <ClCompile Include="XML\XMLData.cpp">
      <Filter>XML</Filter>
    </ClCompile>
  </ItemGroup>
  <ItemGroup>
    <ClInclude Include="UI\Maps.h">
      <Filter>UI</Filter>
    </ClInclude>
    <ClInclude Include="UI\UI.h">
      <Filter>UI</Filter>
    </ClInclude>
    <ClInclude Include="XML\Continent.h">
      <Filter>XML</Filter>
    </ClInclude>
    <ClInclude Include="XML\Objective.h">
      <Filter>XML</Filter>
    </ClInclude>
    <ClInclude Include="XML\Position.h">
      <Filter>XML</Filter>
    </ClInclude>
    <ClInclude Include="XML\Reinforcement.h">
      <Filter>XML</Filter>
    </ClInclude>
    <ClInclude Include="XML\Territory.h">
      <Filter>XML</Filter>
    </ClInclude>
    <ClInclude Include="XML\Transform.h">
      <Filter>XML</Filter>
    </ClInclude>
    <ClInclude Include="UI\UIPage.h">
      <Filter>UI</Filter>
    </ClInclude>
    <ClInclude Include="UI\TerritoryPage.h">
      <Filter>UI</Filter>
    </ClInclude>
    <ClInclude Include="UI\ContinentPage.h">
      <Filter>UI</Filter>
    </ClInclude>
    <ClInclude Include="UI\Button.h">
      <Filter>UI\Utility</Filter>
    </ClInclude>
    <ClInclude Include="UI\TextBox.h">
      <Filter>UI\Utility</Filter>
    </ClInclude>
    <ClInclude Include="UI\TransformPage.h">
      <Filter>UI</Filter>
    </ClInclude>
    <ClInclude Include="UI\PositionPage.h">
      <Filter>UI</Filter>
    </ClInclude>
    <ClInclude Include="UI\ObjectivePage.h">
      <Filter>UI</Filter>
    </ClInclude>
    <ClInclude Include="UI\ReinforcementPage.h">
      <Filter>UI</Filter>
    </ClInclude>
    <ClInclude Include="UI\ScrollBar.h">
      <Filter>UI\Utility</Filter>
    </ClInclude>
    <ClInclude Include="UserInput.h">
      <Filter>other</Filter>
    </ClInclude>
    <ClInclude Include="XML\XMLData.h">
      <Filter>XML</Filter>
    </ClInclude>
  </ItemGroup>
</Project>